
Microsoft Visual Studio Solution File, Format Version 12.00
# Visual Studio Version 17
VisualStudioVersion = 17.6.33815.320
MinimumVisualStudioVersion = 10.0.40219.1
Project("{FAE04EC0-301F-11D3-BF4B-00C04F79EFBC}") = "Slide07", "Example01\Slide07.csproj", "{6EEEBC06-4BC5-4F3D-BDA7-FB4486DE807B}"
EndProject
Project("{FAE04EC0-301F-11D3-BF4B-00C04F79EFBC}") = "Example", "Example\Example.csproj", "{243FB19A-2A4E-404F-8EB6-72FEE6F6D169}"
EndProject
Project("{FAE04EC0-301F-11D3-BF4B-00C04F79EFBC}") = "Article00", "Article00\Article00.csproj", "{E04CD22E-898F-41D2-9EA4-401B8B931353}"
EndProject
Project("{FAE04EC0-301F-11D3-BF4B-00C04F79EFBC}") = "Article01", "Article01\Article01.csproj", "{D74391B5-1AEB-4F62-A906-F28905E18E37}"
EndProject
Global
	GlobalSection(SolutionConfigurationPlatforms) = preSolution
		Debug|Any CPU = Debug|Any CPU
		Release|Any CPU = Release|Any CPU
	EndGlobalSection
	GlobalSection(ProjectConfigurationPlatforms) = postSolution
		{6EEEBC06-4BC5-4F3D-BDA7-FB4486DE807B}.Debug|Any CPU.ActiveCfg = Debug|Any CPU
		{6EEEBC06-4BC5-4F3D-BDA7-FB4486DE807B}.Debug|Any CPU.Build.0 = Debug|Any CPU
		{6EEEBC06-4BC5-4F3D-BDA7-FB4486DE807B}.Release|Any CPU.ActiveCfg = Release|Any CPU
		{6EEEBC06-4BC5-4F3D-BDA7-FB4486DE807B}.Release|Any CPU.Build.0 = Release|Any CPU
		{243FB19A-2A4E-404F-8EB6-72FEE6F6D169}.Debug|Any CPU.ActiveCfg = Debug|Any CPU
		{243FB19A-2A4E-404F-8EB6-72FEE6F6D169}.Debug|Any CPU.Build.0 = Debug|Any CPU
		{243FB19A-2A4E-404F-8EB6-72FEE6F6D169}.Release|Any CPU.ActiveCfg = Release|Any CPU
		{243FB19A-2A4E-404F-8EB6-72FEE6F6D169}.Release|Any CPU.Build.0 = Release|Any CPU
		{E04CD22E-898F-41D2-9EA4-401B8B931353}.Debug|Any CPU.ActiveCfg = Debug|Any CPU
		{E04CD22E-898F-41D2-9EA4-401B8B931353}.Debug|Any CPU.Build.0 = Debug|Any CPU
		{E04CD22E-898F-41D2-9EA4-401B8B931353}.Release|Any CPU.ActiveCfg = Release|Any CPU
		{E04CD22E-898F-41D2-9EA4-401B8B931353}.Release|Any CPU.Build.0 = Release|Any CPU
		{D74391B5-1AEB-4F62-A906-F28905E18E37}.Debug|Any CPU.ActiveCfg = Debug|Any CPU
		{D74391B5-1AEB-4F62-A906-F28905E18E37}.Debug|Any CPU.Build.0 = Debug|Any CPU
		{D74391B5-1AEB-4F62-A906-F28905E18E37}.Release|Any CPU.ActiveCfg = Release|Any CPU
		{D74391B5-1AEB-4F62-A906-F28905E18E37}.Release|Any CPU.Build.0 = Release|Any CPU
	EndGlobalSection
	GlobalSection(SolutionProperties) = preSolution
		HideSolutionNode = FALSE
	EndGlobalSection
	GlobalSection(ExtensibilityGlobals) = postSolution
		SolutionGuid = {A58438F8-D7DD-40B8-B4FF-48A4E3FF80A7}
	EndGlobalSection
EndGlobal
